
Microsoft Visual Studio Solution File, Format Version 12.00
# Visual Studio Version 16
VisualStudioVersion = 16.0.30011.22
MinimumVisualStudioVersion = 10.0.40219.1
Project("{FAE04EC0-301F-11D3-BF4B-00C04F79EFBC}") = "CoreDemo", "CoreDemo\CoreDemo.csproj", "{FFE1C0F2-33B6-4B86-B1A6-CF2E4D0569F8}"
EndProject
Project("{FAE04EC0-301F-11D3-BF4B-00C04F79EFBC}") = "WebApplicationDemo", "WebApplicationDemo\WebApplicationDemo.csproj", "{AFE42425-1DCC-41EF-8E51-97F2621545E1}"
EndProject
Global
	GlobalSection(SolutionConfigurationPlatforms) = preSolution
		Debug|Any CPU = Debug|Any CPU
		Release|Any CPU = Release|Any CPU
	EndGlobalSection
	GlobalSection(ProjectConfigurationPlatforms) = postSolution
		{FFE1C0F2-33B6-4B86-B1A6-CF2E4D0569F8}.Debug|Any CPU.ActiveCfg = Debug|Any CPU
		{FFE1C0F2-33B6-4B86-B1A6-CF2E4D0569F8}.Debug|Any CPU.Build.0 = Debug|Any CPU
		{FFE1C0F2-33B6-4B86-B1A6-CF2E4D0569F8}.Release|Any CPU.ActiveCfg = Release|Any CPU
		{FFE1C0F2-33B6-4B86-B1A6-CF2E4D0569F8}.Release|Any CPU.Build.0 = Release|Any CPU
		{AFE42425-1DCC-41EF-8E51-97F2621545E1}.Debug|Any CPU.ActiveCfg = Debug|Any CPU
		{AFE42425-1DCC-41EF-8E51-97F2621545E1}.Debug|Any CPU.Build.0 = Debug|Any CPU
		{AFE42425-1DCC-41EF-8E51-97F2621545E1}.Release|Any CPU.ActiveCfg = Release|Any CPU
		{AFE42425-1DCC-41EF-8E51-97F2621545E1}.Release|Any CPU.Build.0 = Release|Any CPU
	EndGlobalSection
	GlobalSection(SolutionProperties) = preSolution
		HideSolutionNode = FALSE
	EndGlobalSection
	GlobalSection(ExtensibilityGlobals) = postSolution
		SolutionGuid = {C9F9720C-8DD6-4F88-A182-A138D32037C5}
	EndGlobalSection
EndGlobal
